# generated by rye
# use `rye lock` or `rye sync` to update this lockfile
#
# last locked with the following flags:
#   pre: false
#   features: []
#   all-features: false
#   with-sources: false
#   generate-hashes: false
#   universal: false

-e file:.
aiohappyeyeballs==2.4.3
    # via aiohttp
aiohttp==3.10.10
    # via aiohttp-retry
    # via fsspec
aiohttp-retry==2.8.3
    # via dvc-http
    # via scmrepo
aiosignal==1.3.1
    # via aiohttp
alembic==1.13.3
    # via ixmp4
amqp==5.2.0
    # via kombu
annotated-types==0.7.0
    # via pydantic
antlr4-python3-runtime==4.9.3
    # via hydra-core
    # via omegaconf
anyio==4.6.1
    # via httpx
    # via starlette
appdirs==1.4.4
    # via iterative-telemetry
    # via pint
asttokens==2.4.1
    # via stack-data
asyncssh==2.17.0
    # via scmrepo
    # via sshfs
atpublic==5.0
    # via flufl-lock
attrs==24.2.0
    # via aiohttp
    # via dvc
    # via dvc-data
    # via sqltrie
bcrypt==4.2.0
    # via asyncssh
billiard==4.2.1
    # via celery
celery==5.4.0
    # via dvc
    # via dvc-task
certifi==2024.8.30
    # via httpcore
    # via httpx
    # via requests
cffi==1.17.1
    # via cryptography
    # via pygit2
charset-normalizer==3.4.0
    # via requests
click==8.1.7
    # via celery
    # via click-didyoumean
    # via click-plugins
    # via click-repl
    # via nomenclature-iamc
    # via typer
click-didyoumean==0.3.1
    # via celery
click-plugins==1.1.1
    # via celery
click-repl==0.3.0
    # via celery
colorama==0.4.6
    # via dvc
comm==0.2.2
    # via ipykernel
configobj==5.0.9
    # via dvc
contourpy==1.3.0
    # via matplotlib
cryptography==43.0.1
    # via asyncssh
cycler==0.12.1
    # via matplotlib
debugpy==1.8.7
    # via ipykernel
decorator==5.1.1
    # via ipython
dictdiffer==0.9.0
    # via dvc-data
diskcache==5.6.3
    # via dvc-data
distro==1.9.0
    # via dvc
    # via iterative-telemetry
dpath==2.2.0
    # via dvc
dulwich==0.22.1
    # via dvc
    # via dvc-studio-client
    # via scmrepo
dvc==3.55.2
    # via dvc-ssh
dvc-data==3.16.6
    # via dvc
dvc-http==2.32.0
    # via dvc
dvc-objects==5.1.0
    # via dvc
    # via dvc-data
dvc-render==1.0.2
    # via dvc
dvc-ssh==4.1.1
    # via dvc
dvc-studio-client==0.21.0
    # via dvc
dvc-task==0.40.2
    # via dvc
entrypoints==0.4
    # via gto
et-xmlfile==1.1.0
    # via openpyxl
executing==2.1.0
    # via stack-data
fastapi==0.115.2
    # via ixmp4
filelock==3.16.1
    # via iterative-telemetry
flatten-dict==0.4.2
    # via dvc
flexcache==0.3
    # via pint
flexparser==0.3.1
    # via pint
flufl-lock==8.1.0
    # via dvc
fonttools==4.54.1
    # via matplotlib
frozenlist==1.4.1
    # via aiohttp
    # via aiosignal
fsspec==2024.9.0
    # via dvc
    # via dvc-data
    # via dvc-http
    # via dvc-objects
    # via scmrepo
    # via sshfs
funcy==2.0
    # via dvc
    # via dvc-task
    # via gto
    # via scmrepo
gitdb==4.0.11
    # via gitpython
gitpython==3.1.43
    # via nomenclature-iamc
    # via scmrepo
grandalf==0.8
    # via dvc
greenlet==3.1.1
    # via sqlalchemy
gto==1.7.1
    # via dvc
h11==0.14.0
    # via httpcore
h2==4.1.0
    # via httpx
hpack==4.0.0
    # via h2
httpcore==1.0.6
    # via httpx
httpx==0.27.2
    # via ixmp4
hydra-core==1.3.2
    # via dvc
hyperframe==6.0.1
    # via h2
iam-units==2023.9.12
    # via pyam-iamc
idna==3.10
    # via anyio
    # via httpx
    # via requests
    # via yarl
iniconfig==2.0.0
    # via pytest
ipykernel==6.29.5
ipython==8.28.0
    # via ipykernel
iterative-telemetry==0.0.9
    # via dvc
ixmp4==0.9.5
    # via pyam-iamc
jedi==0.19.1
    # via ipython
jupyter-client==8.6.3
    # via ipykernel
jupyter-core==5.7.2
    # via ipykernel
    # via jupyter-client
kiwisolver==1.4.7
    # via matplotlib
kombu==5.4.2
    # via celery
    # via dvc
    # via dvc-task
mako==1.3.5
    # via alembic
markdown-it-py==3.0.0
    # via rich
markupsafe==3.0.1
    # via mako
matplotlib==3.9.2
    # via pyam-iamc
    # via seaborn
matplotlib-inline==0.1.7
    # via ipykernel
    # via ipython
mdurl==0.1.2
    # via markdown-it-py
multidict==6.1.0
    # via aiohttp
    # via yarl
multimethod==1.10
    # via pandera
mypy==1.11.2
    # via sqlalchemy
mypy-extensions==1.0.0
    # via mypy
    # via typing-inspect
nest-asyncio==1.6.0
    # via ipykernel
networkx==3.4.1
    # via dvc
nomenclature-iamc @ git+https://github.com/ciceroOslo/nomenclature@b0ae4f7dd383c433391b0ceaee2072db0db070e0
    # via iamcompact-nomenclature
numpy==1.26.4
    # via contourpy
    # via matplotlib
    # via nomenclature-iamc
    # via pandas
    # via pandera
    # via pyam-iamc
    # via scipy
    # via seaborn
    # via wquantiles
omegaconf==2.3.0
    # via dvc
    # via hydra-core
openpyxl==3.1.5
    # via ixmp4
    # via nomenclature-iamc
    # via pyam-iamc
    # via pysquirrel
orjson==3.10.7
    # via dvc-data
    # via sqltrie
packaging==24.1
    # via dvc
    # via hydra-core
    # via ipykernel
    # via matplotlib
    # via pandera
    # via pytest
pandas==2.2.3
    # via ixmp4
    # via nomenclature-iamc
    # via pandera
    # via pyam-iamc
    # via seaborn
pandera==0.20.4
    # via ixmp4
parso==0.8.4
    # via jedi
pathspec==0.12.1
    # via dvc
    # via scmrepo
pexpect==4.9.0
    # via ipython
pillow==10.4.0
    # via matplotlib
pint==0.24.3
    # via iam-units
    # via pyam-iamc
platformdirs==3.11.0
    # via dvc
    # via jupyter-core
pluggy==1.5.0
    # via pytest
prompt-toolkit==3.0.48
    # via click-repl
    # via ipython
propcache==0.2.0
    # via yarl
psutil==6.0.0
    # via dvc
    # via flufl-lock
    # via ipykernel
psycopg==3.2.3
    # via ixmp4
psycopg-binary==3.2.3
    # via psycopg
ptyprocess==0.7.0
    # via pexpect
pure-eval==0.2.3
    # via stack-data
pyam-iamc==2.2.4
    # via iamcompact-nomenclature
    # via nomenclature-iamc
pycountry==23.12.11
    # via nomenclature-iamc
pycparser==2.22
    # via cffi
pydantic==2.9.2
    # via fastapi
    # via gto
    # via ixmp4
    # via nomenclature-iamc
    # via pandera
    # via pydantic-settings
    # via pysquirrel
pydantic-core==2.23.4
    # via pydantic
pydantic-settings==2.5.2
    # via ixmp4
pydot==3.0.2
    # via dvc
pygit2==1.16.0
    # via scmrepo
pygments==2.18.0
    # via ipython
    # via rich
pygtrie==2.5.0
    # via dvc
    # via dvc-data
    # via scmrepo
    # via sqltrie
pyjwt==2.9.0
    # via ixmp4
pyparsing==3.2.0
    # via dvc
    # via grandalf
    # via matplotlib
    # via pydot
pysquirrel==1.1
    # via nomenclature-iamc
pytest==8.3.3
python-dateutil==2.9.0.post0
    # via celery
    # via jupyter-client
    # via matplotlib
    # via pandas
python-dotenv==1.0.1
    # via ixmp4
    # via pydantic-settings
pytz==2024.2
    # via pandas
pyyaml==6.0.2
    # via nomenclature-iamc
    # via omegaconf
    # via pyam-iamc
    # via pysquirrel
pyzmq==26.2.0
    # via ipykernel
    # via jupyter-client
requests==2.32.3
    # via dvc
    # via dvc-studio-client
    # via iterative-telemetry
    # via pyam-iamc
rich==13.9.2
    # via dvc
    # via gto
    # via ixmp4
    # via typer
ruamel-yaml==0.18.6
    # via dvc
    # via gto
ruamel-yaml-clib==0.2.8
    # via ruamel-yaml
scipy==1.14.1
    # via pyam-iamc
scmrepo==3.3.8
    # via dvc
    # via gto
seaborn==0.13.2
    # via pyam-iamc
semver==3.0.2
    # via gto
setuptools==75.1.0
    # via dulwich
    # via zc-lockfile
shellingham==1.5.4
    # via typer
shortuuid==1.0.13
    # via dvc
    # via dvc-task
shtab==1.7.1
    # via dvc
six==1.16.0
    # via asttokens
    # via flatten-dict
    # via python-dateutil
smmap==5.0.1
    # via gitdb
sniffio==1.3.1
    # via anyio
    # via httpx
sqlalchemy==2.0.35
    # via alembic
    # via ixmp4
    # via sqlalchemy-utils
sqlalchemy-utils==0.41.2
    # via ixmp4
sqltrie==0.11.1
    # via dvc-data
sshfs==2024.9.0
    # via dvc-ssh
stack-data==0.6.3
    # via ipython
starlette==0.39.2
    # via fastapi
tabulate==0.9.0
    # via dvc
    # via gto
toml==0.10.2
    # via ixmp4
tomlkit==0.13.2
    # via dvc
tornado==6.4.1
    # via ipykernel
    # via jupyter-client
tqdm==4.66.5
    # via dvc
    # via dvc-data
    # via fsspec
    # via scmrepo
traitlets==5.14.3
    # via comm
    # via ipykernel
    # via ipython
    # via jupyter-client
    # via jupyter-core
    # via matplotlib-inline
typeguard==4.3.0
    # via pandera
typer==0.12.5
    # via gto
    # via ixmp4
typing-extensions==4.12.2
    # via alembic
    # via asyncssh
    # via fastapi
    # via flexcache
    # via flexparser
    # via mypy
    # via pint
    # via psycopg
    # via pydantic
    # via pydantic-core
    # via sqlalchemy
    # via typeguard
    # via typer
    # via typing-inspect
typing-inspect==0.9.0
    # via pandera
tzdata==2024.2
    # via celery
    # via kombu
    # via pandas
urllib3==2.2.3
    # via dulwich
    # via requests
vine==5.1.0
    # via amqp
    # via celery
    # via kombu
voluptuous==0.15.2
    # via dvc
    # via dvc-studio-client
wcwidth==0.2.13
    # via prompt-toolkit
wquantiles==0.6
    # via pyam-iamc
wrapt==1.16.0
    # via pandera
xlsxwriter==3.2.0
    # via pyam-iamc
yarl==1.15.1
    # via aiohttp
zc-lockfile==3.0.post1
    # via dvc
