# generated by rye
# use `rye lock` or `rye sync` to update this lockfile
#
# last locked with the following flags:
#   pre: false
#   features: []
#   all-features: false
#   with-sources: false
#   generate-hashes: false

-e file:.
aiohttp==3.9.5
    # via aiohttp-retry
    # via fsspec
aiohttp-retry==2.8.3
    # via dvc-http
    # via scmrepo
aiosignal==1.3.1
    # via aiohttp
alembic==1.13.1
    # via ixmp4
amqp==5.2.0
    # via kombu
annotated-types==0.7.0
    # via pydantic
antlr4-python3-runtime==4.9.3
    # via hydra-core
    # via omegaconf
anyio==4.4.0
    # via httpx
    # via starlette
    # via watchfiles
appdirs==1.4.4
    # via iterative-telemetry
asttokens==2.4.1
    # via stack-data
asyncssh==2.14.2
    # via scmrepo
    # via sshfs
atpublic==4.1.0
    # via flufl-lock
attrs==23.2.0
    # via aiohttp
    # via dvc
    # via dvc-data
    # via sqltrie
bcrypt==4.1.3
    # via asyncssh
billiard==4.2.0
    # via celery
celery==5.4.0
    # via dvc
    # via dvc-task
certifi==2024.6.2
    # via httpcore
    # via httpx
    # via requests
cffi==1.16.0
    # via cryptography
    # via pygit2
charset-normalizer==3.3.2
    # via requests
click==8.1.7
    # via celery
    # via click-didyoumean
    # via click-plugins
    # via click-repl
    # via nomenclature-iamc
    # via typer
    # via uvicorn
click-didyoumean==0.3.1
    # via celery
click-plugins==1.1.1
    # via celery
click-repl==0.3.0
    # via celery
colorama==0.4.6
    # via dvc
comm==0.2.2
    # via ipykernel
configobj==5.0.8
    # via dvc
contourpy==1.2.1
    # via matplotlib
cryptography==42.0.7
    # via asyncssh
cycler==0.12.1
    # via matplotlib
debugpy==1.8.1
    # via ipykernel
decorator==5.1.1
    # via ipython
dictdiffer==0.9.0
    # via dvc-data
diskcache==5.6.3
    # via dvc-data
distro==1.9.0
    # via dvc
    # via iterative-telemetry
dnspython==2.6.1
    # via email-validator
dpath==2.1.6
    # via dvc
dulwich==0.22.1
    # via dvc
    # via dvc-studio-client
    # via scmrepo
dvc==3.51.2
    # via dvc-ssh
dvc-data==3.15.1
    # via dvc
dvc-http==2.32.0
    # via dvc
dvc-objects==5.1.0
    # via dvc
    # via dvc-data
dvc-render==1.0.2
    # via dvc
dvc-ssh==4.1.1
    # via dvc
dvc-studio-client==0.20.0
    # via dvc
dvc-task==0.4.0
    # via dvc
email-validator==2.1.1
    # via fastapi
entrypoints==0.4
    # via gto
et-xmlfile==1.1.0
    # via openpyxl
executing==2.0.1
    # via stack-data
fastapi==0.111.0
    # via ixmp4
fastapi-cli==0.0.4
    # via fastapi
filelock==3.14.0
    # via iterative-telemetry
flatten-dict==0.4.2
    # via dvc
flufl-lock==7.1.1
    # via dvc
fonttools==4.53.0
    # via matplotlib
frozenlist==1.4.1
    # via aiohttp
    # via aiosignal
fsspec==2024.6.0
    # via dvc
    # via dvc-data
    # via dvc-http
    # via dvc-objects
    # via scmrepo
    # via sshfs
funcy==2.0
    # via dvc
    # via dvc-task
    # via gto
    # via scmrepo
gitdb==4.0.11
    # via gitpython
gitpython==3.1.43
    # via nomenclature-iamc
    # via scmrepo
grandalf==0.8
    # via dvc
greenlet==3.0.3
    # via sqlalchemy
gto==1.7.1
    # via dvc
h11==0.14.0
    # via httpcore
    # via uvicorn
h2==4.1.0
    # via httpx
hpack==4.0.0
    # via h2
httpcore==1.0.5
    # via httpx
httptools==0.6.1
    # via uvicorn
httpx==0.27.0
    # via fastapi
    # via ixmp4
hydra-core==1.3.2
    # via dvc
hyperframe==6.0.1
    # via h2
iam-units==2023.9.12
    # via pyam-iamc
idna==3.7
    # via anyio
    # via email-validator
    # via httpx
    # via requests
    # via yarl
iniconfig==2.0.0
    # via pytest
ipykernel==6.29.4
ipython==8.25.0
    # via ipykernel
iterative-telemetry==0.0.8
    # via dvc
ixmp4==0.9.0
    # via pyam-iamc
jedi==0.19.1
    # via ipython
jinja2==3.1.4
    # via fastapi
jupyter-client==8.6.2
    # via ipykernel
jupyter-core==5.7.2
    # via ipykernel
    # via jupyter-client
kiwisolver==1.4.5
    # via matplotlib
kombu==5.3.7
    # via celery
    # via dvc
    # via dvc-task
mako==1.3.5
    # via alembic
markdown-it-py==3.0.0
    # via rich
markupsafe==2.1.5
    # via jinja2
    # via mako
matplotlib==3.9.0
    # via pyam-iamc
    # via seaborn
matplotlib-inline==0.1.7
    # via ipykernel
    # via ipython
mdurl==0.1.2
    # via markdown-it-py
multidict==6.0.5
    # via aiohttp
    # via yarl
multimethod==1.10
    # via pandera
mypy==1.10.0
    # via sqlalchemy
mypy-extensions==1.0.0
    # via mypy
    # via typing-inspect
nest-asyncio==1.6.0
    # via ipykernel
networkx==3.3
    # via dvc
nomenclature-iamc==0.17.0
    # via iamcompact-nomenclature
numpy==1.26.4
    # via contourpy
    # via matplotlib
    # via nomenclature-iamc
    # via pandas
    # via pandera
    # via pyam-iamc
    # via scipy
    # via seaborn
    # via wquantiles
omegaconf==2.3.0
    # via dvc
    # via hydra-core
openpyxl==3.1.3
    # via ixmp4
    # via nomenclature-iamc
    # via pyam-iamc
orjson==3.10.3
    # via fastapi
    # via sqltrie
packaging==24.0
    # via dvc
    # via hydra-core
    # via ipykernel
    # via matplotlib
    # via pandera
    # via pytest
pandas==2.2.2
    # via ixmp4
    # via nomenclature-iamc
    # via pandera
    # via pyam-iamc
    # via seaborn
pandera==0.19.3
    # via ixmp4
parso==0.8.4
    # via jedi
pathspec==0.12.1
    # via dvc
    # via scmrepo
pexpect==4.9.0
    # via ipython
pillow==10.3.0
    # via matplotlib
pint==0.23
    # via iam-units
    # via pyam-iamc
platformdirs==3.11.0
    # via dvc
    # via jupyter-core
pluggy==1.5.0
    # via pytest
prompt-toolkit==3.0.45
    # via click-repl
    # via ipython
psutil==5.9.8
    # via dvc
    # via flufl-lock
    # via ipykernel
psycopg==3.1.19
    # via ixmp4
psycopg-binary==3.1.19
    # via psycopg
ptyprocess==0.7.0
    # via pexpect
pure-eval==0.2.2
    # via stack-data
pyam-iamc==2.2.2
    # via iamcompact-nomenclature
    # via nomenclature-iamc
pycountry==23.12.11
    # via nomenclature-iamc
pycparser==2.22
    # via cffi
pydantic==2.7.3
    # via fastapi
    # via gto
    # via ixmp4
    # via nomenclature-iamc
    # via pandera
    # via pydantic-settings
pydantic-core==2.18.4
    # via pydantic
pydantic-settings==2.3.0
    # via ixmp4
pydot==2.0.0
    # via dvc
pygit2==1.15.0
    # via scmrepo
pygments==2.18.0
    # via ipython
    # via rich
pygtrie==2.5.0
    # via dvc
    # via dvc-data
    # via scmrepo
    # via sqltrie
pyjwt==2.8.0
    # via ixmp4
pyparsing==3.1.2
    # via dvc
    # via grandalf
    # via matplotlib
    # via pydot
pytest==8.2.1
python-dateutil==2.9.0.post0
    # via celery
    # via jupyter-client
    # via matplotlib
    # via pandas
python-dotenv==1.0.1
    # via ixmp4
    # via pydantic-settings
    # via uvicorn
python-multipart==0.0.9
    # via fastapi
pytz==2024.1
    # via pandas
pyyaml==6.0.1
    # via nomenclature-iamc
    # via omegaconf
    # via pyam-iamc
    # via uvicorn
pyzmq==26.0.3
    # via ipykernel
    # via jupyter-client
requests==2.32.3
    # via dvc
    # via dvc-studio-client
    # via iterative-telemetry
    # via pyam-iamc
rich==13.7.1
    # via dvc
    # via gto
    # via ixmp4
    # via typer
ruamel-yaml==0.18.6
    # via dvc
    # via gto
ruamel-yaml-clib==0.2.8
    # via ruamel-yaml
scipy==1.13.1
    # via pyam-iamc
scmrepo==3.3.5
    # via dvc
    # via gto
seaborn==0.13.2
    # via pyam-iamc
semver==3.0.2
    # via gto
setuptools==70.0.0
    # via dulwich
    # via zc-lockfile
shellingham==1.5.4
    # via typer
shortuuid==1.0.13
    # via dvc
    # via dvc-task
shtab==1.7.1
    # via dvc
six==1.16.0
    # via asttokens
    # via configobj
    # via flatten-dict
    # via python-dateutil
smmap==5.0.1
    # via gitdb
sniffio==1.3.1
    # via anyio
    # via httpx
sqlalchemy==2.0.30
    # via alembic
    # via ixmp4
    # via sqlalchemy-utils
sqlalchemy-utils==0.41.2
    # via ixmp4
sqltrie==0.11.0
    # via dvc-data
sshfs==2024.4.1
    # via dvc-ssh
stack-data==0.6.3
    # via ipython
starlette==0.37.2
    # via fastapi
tabulate==0.9.0
    # via dvc
    # via gto
toml==0.10.2
    # via ixmp4
tomlkit==0.12.5
    # via dvc
tornado==6.4
    # via ipykernel
    # via jupyter-client
tqdm==4.66.4
    # via dvc
    # via dvc-data
    # via fsspec
    # via scmrepo
traitlets==5.14.3
    # via comm
    # via ipykernel
    # via ipython
    # via jupyter-client
    # via jupyter-core
    # via matplotlib-inline
typeguard==4.3.0
    # via pandera
typer==0.12.3
    # via fastapi-cli
    # via gto
    # via ixmp4
typing-extensions==4.12.1
    # via alembic
    # via asyncssh
    # via fastapi
    # via mypy
    # via pint
    # via psycopg
    # via pydantic
    # via pydantic-core
    # via sqlalchemy
    # via typeguard
    # via typer
    # via typing-inspect
typing-inspect==0.9.0
    # via pandera
tzdata==2024.1
    # via celery
    # via pandas
ujson==5.10.0
    # via fastapi
urllib3==2.2.1
    # via dulwich
    # via requests
uvicorn==0.30.1
    # via fastapi
uvloop==0.19.0
    # via uvicorn
vine==5.1.0
    # via amqp
    # via celery
    # via kombu
voluptuous==0.14.2
    # via dvc
    # via dvc-studio-client
watchfiles==0.22.0
    # via uvicorn
wcwidth==0.2.13
    # via prompt-toolkit
websockets==12.0
    # via uvicorn
wquantiles==0.6
    # via pyam-iamc
wrapt==1.16.0
    # via pandera
xlsxwriter==3.2.0
    # via pyam-iamc
yarl==1.9.4
    # via aiohttp
zc-lockfile==3.0.post1
    # via dvc
